
Microsoft Visual Studio Solution File, Format Version 12.00
# Visual Studio Version 17
VisualStudioVersion = 17.1.32210.238
MinimumVisualStudioVersion = 10.0.40219.1
Project("{FAE04EC0-301F-11D3-BF4B-00C04F79EFBC}") = "Wiser", "Wiser\Wiser.csproj", "{121FBAE3-A860-4309-9025-5CC4EE69F667}"
EndProject
Global
	GlobalSection(SolutionConfigurationPlatforms) = preSolution
		Debug|Any CPU = Debug|Any CPU
		Release|Any CPU = Release|Any CPU
	EndGlobalSection
	GlobalSection(ProjectConfigurationPlatforms) = postSolution
		{121FBAE3-A860-4309-9025-5CC4EE69F667}.Debug|Any CPU.ActiveCfg = Debug|Any CPU
		{121FBAE3-A860-4309-9025-5CC4EE69F667}.Debug|Any CPU.Build.0 = Debug|Any CPU
		{121FBAE3-A860-4309-9025-5CC4EE69F667}.Release|Any CPU.ActiveCfg = Release|Any CPU
		{121FBAE3-A860-4309-9025-5CC4EE69F667}.Release|Any CPU.Build.0 = Release|Any CPU
	EndGlobalSection
	GlobalSection(SolutionProperties) = preSolution
		HideSolutionNode = FALSE
	EndGlobalSection
	GlobalSection(ExtensibilityGlobals) = postSolution
		SolutionGuid = {416ABF3E-9936-4D2D-A24A-C3663C307887}
	EndGlobalSection
EndGlobal
